
Microsoft Visual Studio Solution File, Format Version 12.00
# Visual Studio 2012
Project("{FAE04EC0-301F-11D3-BF4B-00C04F79EFBC}") = "ICONExpandableListView", "ICONExpandableListView\ICONExpandableListView.csproj", "{C16D40DE-45EF-40D1-B228-598C8FDC3114}"
EndProject
Project("{FAE04EC0-301F-11D3-BF4B-00C04F79EFBC}") = "ICONExpandableListView.iOS", "iOS\ICONExpandableListView.iOS.csproj", "{4D5B3BDC-DCDA-40C2-8CD2-35404C5A87DE}"
EndProject
Project("{FAE04EC0-301F-11D3-BF4B-00C04F79EFBC}") = "ICONExpandableListView.Droid", "Droid\ICONExpandableListView.Droid.csproj", "{D9E3BA12-33EC-4745-B877-43F7952EFFB3}"
EndProject
Global
	GlobalSection(SolutionConfigurationPlatforms) = preSolution
		Debug|Any CPU = Debug|Any CPU
		Release|Any CPU = Release|Any CPU
		Debug|iPhoneSimulator = Debug|iPhoneSimulator
		Release|iPhone = Release|iPhone
		Release|iPhoneSimulator = Release|iPhoneSimulator
		Debug|iPhone = Debug|iPhone
	EndGlobalSection
	GlobalSection(ProjectConfigurationPlatforms) = postSolution
		{C16D40DE-45EF-40D1-B228-598C8FDC3114}.Debug|Any CPU.ActiveCfg = Debug|Any CPU
		{C16D40DE-45EF-40D1-B228-598C8FDC3114}.Debug|Any CPU.Build.0 = Debug|Any CPU
		{C16D40DE-45EF-40D1-B228-598C8FDC3114}.Release|Any CPU.ActiveCfg = Release|Any CPU
		{C16D40DE-45EF-40D1-B228-598C8FDC3114}.Release|Any CPU.Build.0 = Release|Any CPU
		{C16D40DE-45EF-40D1-B228-598C8FDC3114}.Debug|iPhoneSimulator.ActiveCfg = Debug|Any CPU
		{C16D40DE-45EF-40D1-B228-598C8FDC3114}.Debug|iPhoneSimulator.Build.0 = Debug|Any CPU
		{C16D40DE-45EF-40D1-B228-598C8FDC3114}.Release|iPhone.ActiveCfg = Release|Any CPU
		{C16D40DE-45EF-40D1-B228-598C8FDC3114}.Release|iPhone.Build.0 = Release|Any CPU
		{C16D40DE-45EF-40D1-B228-598C8FDC3114}.Release|iPhoneSimulator.ActiveCfg = Release|Any CPU
		{C16D40DE-45EF-40D1-B228-598C8FDC3114}.Release|iPhoneSimulator.Build.0 = Release|Any CPU
		{C16D40DE-45EF-40D1-B228-598C8FDC3114}.Debug|iPhone.ActiveCfg = Debug|Any CPU
		{C16D40DE-45EF-40D1-B228-598C8FDC3114}.Debug|iPhone.Build.0 = Debug|Any CPU
		{4D5B3BDC-DCDA-40C2-8CD2-35404C5A87DE}.Debug|Any CPU.ActiveCfg = Debug|iPhoneSimulator
		{4D5B3BDC-DCDA-40C2-8CD2-35404C5A87DE}.Debug|Any CPU.Build.0 = Debug|iPhoneSimulator
		{4D5B3BDC-DCDA-40C2-8CD2-35404C5A87DE}.Release|Any CPU.ActiveCfg = Release|iPhone
		{4D5B3BDC-DCDA-40C2-8CD2-35404C5A87DE}.Release|Any CPU.Build.0 = Release|iPhone
		{4D5B3BDC-DCDA-40C2-8CD2-35404C5A87DE}.Debug|iPhoneSimulator.ActiveCfg = Debug|iPhoneSimulator
		{4D5B3BDC-DCDA-40C2-8CD2-35404C5A87DE}.Debug|iPhoneSimulator.Build.0 = Debug|iPhoneSimulator
		{4D5B3BDC-DCDA-40C2-8CD2-35404C5A87DE}.Release|iPhone.ActiveCfg = Release|iPhone
		{4D5B3BDC-DCDA-40C2-8CD2-35404C5A87DE}.Release|iPhone.Build.0 = Release|iPhone
		{4D5B3BDC-DCDA-40C2-8CD2-35404C5A87DE}.Release|iPhoneSimulator.ActiveCfg = Release|iPhoneSimulator
		{4D5B3BDC-DCDA-40C2-8CD2-35404C5A87DE}.Release|iPhoneSimulator.Build.0 = Release|iPhoneSimulator
		{4D5B3BDC-DCDA-40C2-8CD2-35404C5A87DE}.Debug|iPhone.ActiveCfg = Debug|iPhone
		{4D5B3BDC-DCDA-40C2-8CD2-35404C5A87DE}.Debug|iPhone.Build.0 = Debug|iPhone
		{D9E3BA12-33EC-4745-B877-43F7952EFFB3}.Debug|Any CPU.ActiveCfg = Debug|Any CPU
		{D9E3BA12-33EC-4745-B877-43F7952EFFB3}.Debug|Any CPU.Build.0 = Debug|Any CPU
		{D9E3BA12-33EC-4745-B877-43F7952EFFB3}.Release|Any CPU.ActiveCfg = Release|Any CPU
		{D9E3BA12-33EC-4745-B877-43F7952EFFB3}.Release|Any CPU.Build.0 = Release|Any CPU
		{D9E3BA12-33EC-4745-B877-43F7952EFFB3}.Debug|iPhoneSimulator.ActiveCfg = Debug|Any CPU
		{D9E3BA12-33EC-4745-B877-43F7952EFFB3}.Debug|iPhoneSimulator.Build.0 = Debug|Any CPU
		{D9E3BA12-33EC-4745-B877-43F7952EFFB3}.Release|iPhone.ActiveCfg = Release|Any CPU
		{D9E3BA12-33EC-4745-B877-43F7952EFFB3}.Release|iPhone.Build.0 = Release|Any CPU
		{D9E3BA12-33EC-4745-B877-43F7952EFFB3}.Release|iPhoneSimulator.ActiveCfg = Release|Any CPU
		{D9E3BA12-33EC-4745-B877-43F7952EFFB3}.Release|iPhoneSimulator.Build.0 = Release|Any CPU
		{D9E3BA12-33EC-4745-B877-43F7952EFFB3}.Debug|iPhone.ActiveCfg = Debug|Any CPU
		{D9E3BA12-33EC-4745-B877-43F7952EFFB3}.Debug|iPhone.Build.0 = Debug|Any CPU
	EndGlobalSection
EndGlobal
